
Microsoft Visual Studio Solution File, Format Version 12.00
# Visual Studio Version 16
VisualStudioVersion = 16.0.31515.178
MinimumVisualStudioVersion = 10.0.40219.1
Project("{FAE04EC0-301F-11D3-BF4B-00C04F79EFBC}") = "Vodenje_evidence", "Vodenje_evidence\Vodenje_evidence.csproj", "{F872541C-8350-4BD1-9133-FA1DA2D315C5}"
EndProject
Global
	GlobalSection(SolutionConfigurationPlatforms) = preSolution
		Debug|Any CPU = Debug|Any CPU
		Release|Any CPU = Release|Any CPU
	EndGlobalSection
	GlobalSection(ProjectConfigurationPlatforms) = postSolution
		{F872541C-8350-4BD1-9133-FA1DA2D315C5}.Debug|Any CPU.ActiveCfg = Debug|Any CPU
		{F872541C-8350-4BD1-9133-FA1DA2D315C5}.Debug|Any CPU.Build.0 = Debug|Any CPU
		{F872541C-8350-4BD1-9133-FA1DA2D315C5}.Release|Any CPU.ActiveCfg = Release|Any CPU
		{F872541C-8350-4BD1-9133-FA1DA2D315C5}.Release|Any CPU.Build.0 = Release|Any CPU
	EndGlobalSection
	GlobalSection(SolutionProperties) = preSolution
		HideSolutionNode = FALSE
	EndGlobalSection
	GlobalSection(ExtensibilityGlobals) = postSolution
		SolutionGuid = {25049880-E311-45C5-A28D-C801383473FA}
	EndGlobalSection
EndGlobal
